{
  "name": "@motor-js/nebula",
  "version": "0.0.12-alpha.0",
  "lockfileVersion": 2,
  "requires": true,
  "packages": {
    "": {
      "name": "@motor-js/nebula",
      "version": "0.0.1",
      "license": "MIT",
      "dependencies": {
        "@motor-js/engine": "^0.1.3",
        "@nebula.js/sn-bar-chart": "^0.8.13",
        "@nebula.js/sn-combo-chart": "^0.19.1",
        "@nebula.js/sn-funnel-chart": "^0.3.16",
        "@nebula.js/sn-line-chart": "^0.9.12",
        "@nebula.js/sn-mekko-chart": "^1.0.4",
        "@nebula.js/sn-pie-chart": "^0.7.16",
        "@nebula.js/sn-sankey-chart": "^0.5.11",
        "@nebula.js/sn-table": "^0.2.2",
        "@nebula.js/stardust": "^1.1.1"
      },
      "peerDependencies": {
        "react": "^17.0.1",
        "react-dom": "^17.0.1"
      }
    },
    "node_modules/@motor-js/engine": {
      "version": "0.1.5",
      "resolved": "https://registry.npmjs.org/@motor-js/engine/-/engine-0.1.5.tgz",
      "integrity": "sha512-OM2FTu2s7FXDX5sBCaq2ks7GjxIqtu//wfU7yjV36jTfYevLe9Q0+8nveNEU2MYAhjpbqup5XrIgclCQB4wSfg==",
      "dependencies": {
        "enigma.js": "^2.6.3"
      },
      "peerDependencies": {
        "react": "^17.0.1",
        "react-dom": "^17.0.1"
      }
    },
    "node_modules/@nebula.js/sn-bar-chart": {
      "version": "0.8.15",
      "resolved": "https://registry.npmjs.org/@nebula.js/sn-bar-chart/-/sn-bar-chart-0.8.15.tgz",
      "integrity": "sha512-QRoW6wurl/50Or4ekcN+2kOH5tdiTASgSiSKXoQw8pfQKL5tI9gb7iP2JIdepmsp8e61ZOMLryYW/uxrqkwByg==",
      "peerDependencies": {
        "hammerjs": "^2.0.8",
        "picasso-plugin-hammer": ">=0.35.1",
        "picasso-plugin-q": ">=0.35.1",
        "picasso.js": ">=0.35.1"
      }
    },
    "node_modules/@nebula.js/sn-combo-chart": {
      "version": "0.19.1",
      "resolved": "https://registry.npmjs.org/@nebula.js/sn-combo-chart/-/sn-combo-chart-0.19.1.tgz",
      "integrity": "sha512-pXZ/4A184NFOA8Yev0krwjrDwDqtPEmmjtmRpR9FtbkRQurW43pjjz5hj2MEv5F5vQtMzug9d2KNd7VjHIosfQ==",
      "peerDependencies": {
        "@nebula.js/stardust": ">=0.6.0",
        "hammerjs": "^2.0.8",
        "picasso-plugin-hammer": ">=0.35.1",
        "picasso-plugin-q": ">=0.35.1",
        "picasso.js": ">=0.35.1"
      }
    },
    "node_modules/@nebula.js/sn-funnel-chart": {
      "version": "0.3.16",
      "resolved": "https://registry.npmjs.org/@nebula.js/sn-funnel-chart/-/sn-funnel-chart-0.3.16.tgz",
      "integrity": "sha512-f2WC1NrcZkl0WaQINpRoFuddMi6OTmUM49DjoetLCFfYMhGa42IhSJ7x/Z6f5kU9Q1pCRvmIMveWvdhcWlXMdA==",
      "peerDependencies": {
        "@nebula.js/stardust": ">=0.6.0",
        "picasso-plugin-q": ">=0.35.1",
        "picasso.js": ">=0.35.1"
      }
    },
    "node_modules/@nebula.js/sn-line-chart": {
      "version": "0.9.14",
      "resolved": "https://registry.npmjs.org/@nebula.js/sn-line-chart/-/sn-line-chart-0.9.14.tgz",
      "integrity": "sha512-SPARtGChFnNoaCUbjUsiAGJnPNvMyo4eEj3vFVHfhaoEhOp3C3mIAweniGxYpAIdTSxdVV2OJE/P5POb172y0g==",
      "peerDependencies": {
        "hammerjs": "^2.0.8",
        "picasso-plugin-hammer": ">=0.35.1",
        "picasso-plugin-q": ">=0.35.1",
        "picasso.js": ">=0.35.1"
      }
    },
    "node_modules/@nebula.js/sn-mekko-chart": {
      "version": "1.0.4",
      "resolved": "https://registry.npmjs.org/@nebula.js/sn-mekko-chart/-/sn-mekko-chart-1.0.4.tgz",
      "integrity": "sha512-68bpPo8MvbnVwTIPl2gJQp5pGOTtwFvFV4CUDKVnJR0w+62URAxsA5YiRdl16oHmocxqVZSWtZXW/neNHWYvuw==",
      "peerDependencies": {
        "@nebula.js/stardust": "^1.x"
      }
    },
    "node_modules/@nebula.js/sn-pie-chart": {
      "version": "0.7.16",
      "resolved": "https://registry.npmjs.org/@nebula.js/sn-pie-chart/-/sn-pie-chart-0.7.16.tgz",
      "integrity": "sha512-08Rvy+bQrmZsAavZF+6sSUpkXF+iN7u5RsXkUf83fYz7kBMM/sHK/dbxXFU9J4TMElznk3R42SJI5RFnNAKiBA==",
      "peerDependencies": {
        "@nebula.js/stardust": ">=0.6.0",
        "hammerjs": "^2.0.8",
        "picasso-plugin-hammer": ">=0.35.1",
        "picasso-plugin-q": ">=0.35.1",
        "picasso.js": ">=0.35.1"
      }
    },
    "node_modules/@nebula.js/sn-sankey-chart": {
      "version": "0.5.11",
      "resolved": "https://registry.npmjs.org/@nebula.js/sn-sankey-chart/-/sn-sankey-chart-0.5.11.tgz",
      "integrity": "sha512-A5IOfm7vAmS5CpFL3ZLVjI8J0w3pph+gVjirsw19AnJcbbIYxPedTf1pTfw6qlcKfbmgNXF8gLtJYd0lcWaQrw==",
      "peerDependencies": {
        "@nebula.js/stardust": ">=0.6.0",
        "picasso-plugin-q": ">=0.35.1",
        "picasso.js": ">=0.35.1"
      }
    },
    "node_modules/@nebula.js/sn-table": {
      "version": "0.2.2",
      "resolved": "https://registry.npmjs.org/@nebula.js/sn-table/-/sn-table-0.2.2.tgz",
      "integrity": "sha512-0rUkdfa87GHX6tYrSOfTEmyweaGOLH28B6yJmqxVT1+prCekFH/oV4tiFGSbHrVDh9J7F6r+x9ZZ7by0cFBraw==",
      "engines": {
        "node": ">=8"
      },
      "peerDependencies": {
        "@nebula.js/stardust": "^1.1"
      }
    },
    "node_modules/@nebula.js/stardust": {
      "version": "1.1.1",
      "resolved": "https://registry.npmjs.org/@nebula.js/stardust/-/stardust-1.1.1.tgz",
      "integrity": "sha512-HX+HOgAoirYiQtgsVAzlMLeQ1Izdv3ScbGJ0/wxW+pbsZd/jCH/rLN7Va9Gz135/ovW22sRkCMWYFFxGRut+cQ=="
    },
    "node_modules/enigma.js": {
      "version": "2.7.2",
      "resolved": "https://registry.npmjs.org/enigma.js/-/enigma.js-2.7.2.tgz",
      "integrity": "sha512-MATvu3+DqV3NGkdKM5uYJT8VLBkQeWgvNqiHsOXO/ChcMezwrKpr4gcn+gx/sqnACX9yaoFi02ECbs8rCZ+aIQ=="
    },
    "node_modules/hammerjs": {
      "version": "2.0.8",
      "resolved": "https://registry.npmjs.org/hammerjs/-/hammerjs-2.0.8.tgz",
      "integrity": "sha1-BO93hiz/K7edMPdpIJWTAiK/YPE=",
      "peer": true,
      "engines": {
        "node": ">=0.8.0"
      }
    },
    "node_modules/js-tokens": {
      "version": "4.0.0",
      "resolved": "https://registry.npmjs.org/js-tokens/-/js-tokens-4.0.0.tgz",
      "integrity": "sha512-RdJUflcE3cUzKiMqQgsCu06FPu9UdIJO0beYbPhHN4k6apgJtifcoCtT9bcxOpYBtpD2kCM6Sbzg4CausW/PKQ==",
      "peer": true
    },
    "node_modules/loose-envify": {
      "version": "1.4.0",
      "resolved": "https://registry.npmjs.org/loose-envify/-/loose-envify-1.4.0.tgz",
      "integrity": "sha512-lyuxPGr/Wfhrlem2CL/UcnUc1zcqKAImBDzukY7Y5F/yQiNdko6+fRLevlw1HgMySw7f611UIY408EtxRSoK3Q==",
      "peer": true,
      "dependencies": {
        "js-tokens": "^3.0.0 || ^4.0.0"
      },
      "bin": {
        "loose-envify": "cli.js"
      }
    },
    "node_modules/object-assign": {
      "version": "4.1.1",
      "resolved": "https://registry.npmjs.org/object-assign/-/object-assign-4.1.1.tgz",
      "integrity": "sha1-IQmtx5ZYh8/AXLvUQsrIv7s2CGM=",
      "peer": true,
      "engines": {
        "node": ">=0.10.0"
      }
    },
    "node_modules/picasso-plugin-hammer": {
      "version": "1.0.0",
      "resolved": "https://registry.npmjs.org/picasso-plugin-hammer/-/picasso-plugin-hammer-1.0.0.tgz",
      "integrity": "sha512-vWO3YinC4WVKEAIpGlbb/xLLVDp8dfXEryuLKjYoqttKUtGZCTlqyuJ9miKfICtuKoGuqRefABTdVJFz8cxQGA==",
      "peer": true
    },
    "node_modules/picasso-plugin-q": {
      "version": "1.0.0",
      "resolved": "https://registry.npmjs.org/picasso-plugin-q/-/picasso-plugin-q-1.0.0.tgz",
      "integrity": "sha512-70kv4ge7ZswAsQhdrppMIFEWN1qzq4KhF4ePTmcBzfcJPCTJIxbWqnXJgcs/8+n2OuP+hlWRI4fyRAra4IHLig==",
      "peer": true
    },
    "node_modules/picasso.js": {
      "version": "1.0.0",
      "resolved": "https://registry.npmjs.org/picasso.js/-/picasso.js-1.0.0.tgz",
      "integrity": "sha512-ctz4Edch3ljgLDWAZ6DFHjDT/OR0BU4LnerPpf5kiGO1WcKK51G1+IAMr8VzZEW5r/WRx/uihZ+qlrrtckEB0A==",
      "peer": true
    },
    "node_modules/react": {
      "version": "17.0.2",
      "resolved": "https://registry.npmjs.org/react/-/react-17.0.2.tgz",
      "integrity": "sha512-gnhPt75i/dq/z3/6q/0asP78D0u592D5L1pd7M8P+dck6Fu/jJeL6iVVK23fptSUZj8Vjf++7wXA8UNclGQcbA==",
      "peer": true,
      "dependencies": {
        "loose-envify": "^1.1.0",
        "object-assign": "^4.1.1"
      },
      "engines": {
        "node": ">=0.10.0"
      }
    },
    "node_modules/react-dom": {
      "version": "17.0.2",
      "resolved": "https://registry.npmjs.org/react-dom/-/react-dom-17.0.2.tgz",
      "integrity": "sha512-s4h96KtLDUQlsENhMn1ar8t2bEa+q/YAtj8pPPdIjPDGBDIVNsrD9aXNWqspUe6AzKCIG0C1HZZLqLV7qpOBGA==",
      "peer": true,
      "dependencies": {
        "loose-envify": "^1.1.0",
        "object-assign": "^4.1.1",
        "scheduler": "^0.20.2"
      },
      "peerDependencies": {
        "react": "17.0.2"
      }
    },
    "node_modules/scheduler": {
      "version": "0.20.2",
      "resolved": "https://registry.npmjs.org/scheduler/-/scheduler-0.20.2.tgz",
      "integrity": "sha512-2eWfGgAqqWFGqtdMmcL5zCMK1U8KlXv8SQFGglL3CEtd0aDVDWgeF/YoCmvln55m5zSk3J/20hTaSBeSObsQDQ==",
      "peer": true,
      "dependencies": {
        "loose-envify": "^1.1.0",
        "object-assign": "^4.1.1"
      }
    }
  },
  "dependencies": {
    "@motor-js/engine": {
      "version": "0.1.5",
      "resolved": "https://registry.npmjs.org/@motor-js/engine/-/engine-0.1.5.tgz",
      "integrity": "sha512-OM2FTu2s7FXDX5sBCaq2ks7GjxIqtu//wfU7yjV36jTfYevLe9Q0+8nveNEU2MYAhjpbqup5XrIgclCQB4wSfg==",
      "requires": {
        "enigma.js": "^2.6.3"
      }
    },
    "@nebula.js/sn-bar-chart": {
      "version": "0.8.15",
      "resolved": "https://registry.npmjs.org/@nebula.js/sn-bar-chart/-/sn-bar-chart-0.8.15.tgz",
      "integrity": "sha512-QRoW6wurl/50Or4ekcN+2kOH5tdiTASgSiSKXoQw8pfQKL5tI9gb7iP2JIdepmsp8e61ZOMLryYW/uxrqkwByg==",
      "requires": {}
    },
    "@nebula.js/sn-combo-chart": {
      "version": "0.19.1",
      "resolved": "https://registry.npmjs.org/@nebula.js/sn-combo-chart/-/sn-combo-chart-0.19.1.tgz",
      "integrity": "sha512-pXZ/4A184NFOA8Yev0krwjrDwDqtPEmmjtmRpR9FtbkRQurW43pjjz5hj2MEv5F5vQtMzug9d2KNd7VjHIosfQ==",
      "requires": {}
    },
    "@nebula.js/sn-funnel-chart": {
      "version": "0.3.16",
      "resolved": "https://registry.npmjs.org/@nebula.js/sn-funnel-chart/-/sn-funnel-chart-0.3.16.tgz",
      "integrity": "sha512-f2WC1NrcZkl0WaQINpRoFuddMi6OTmUM49DjoetLCFfYMhGa42IhSJ7x/Z6f5kU9Q1pCRvmIMveWvdhcWlXMdA==",
      "requires": {}
    },
    "@nebula.js/sn-line-chart": {
      "version": "0.9.14",
      "resolved": "https://registry.npmjs.org/@nebula.js/sn-line-chart/-/sn-line-chart-0.9.14.tgz",
      "integrity": "sha512-SPARtGChFnNoaCUbjUsiAGJnPNvMyo4eEj3vFVHfhaoEhOp3C3mIAweniGxYpAIdTSxdVV2OJE/P5POb172y0g==",
      "requires": {}
    },
    "@nebula.js/sn-mekko-chart": {
      "version": "1.0.4",
      "resolved": "https://registry.npmjs.org/@nebula.js/sn-mekko-chart/-/sn-mekko-chart-1.0.4.tgz",
      "integrity": "sha512-68bpPo8MvbnVwTIPl2gJQp5pGOTtwFvFV4CUDKVnJR0w+62URAxsA5YiRdl16oHmocxqVZSWtZXW/neNHWYvuw==",
      "requires": {}
    },
    "@nebula.js/sn-pie-chart": {
      "version": "0.7.16",
      "resolved": "https://registry.npmjs.org/@nebula.js/sn-pie-chart/-/sn-pie-chart-0.7.16.tgz",
      "integrity": "sha512-08Rvy+bQrmZsAavZF+6sSUpkXF+iN7u5RsXkUf83fYz7kBMM/sHK/dbxXFU9J4TMElznk3R42SJI5RFnNAKiBA==",
      "requires": {}
    },
    "@nebula.js/sn-sankey-chart": {
      "version": "0.5.11",
      "resolved": "https://registry.npmjs.org/@nebula.js/sn-sankey-chart/-/sn-sankey-chart-0.5.11.tgz",
      "integrity": "sha512-A5IOfm7vAmS5CpFL3ZLVjI8J0w3pph+gVjirsw19AnJcbbIYxPedTf1pTfw6qlcKfbmgNXF8gLtJYd0lcWaQrw==",
      "requires": {}
    },
    "@nebula.js/sn-table": {
      "version": "0.2.2",
      "resolved": "https://registry.npmjs.org/@nebula.js/sn-table/-/sn-table-0.2.2.tgz",
      "integrity": "sha512-0rUkdfa87GHX6tYrSOfTEmyweaGOLH28B6yJmqxVT1+prCekFH/oV4tiFGSbHrVDh9J7F6r+x9ZZ7by0cFBraw==",
      "requires": {}
    },
    "@nebula.js/stardust": {
      "version": "1.1.1",
      "resolved": "https://registry.npmjs.org/@nebula.js/stardust/-/stardust-1.1.1.tgz",
      "integrity": "sha512-HX+HOgAoirYiQtgsVAzlMLeQ1Izdv3ScbGJ0/wxW+pbsZd/jCH/rLN7Va9Gz135/ovW22sRkCMWYFFxGRut+cQ=="
    },
    "enigma.js": {
      "version": "2.7.2",
      "resolved": "https://registry.npmjs.org/enigma.js/-/enigma.js-2.7.2.tgz",
      "integrity": "sha512-MATvu3+DqV3NGkdKM5uYJT8VLBkQeWgvNqiHsOXO/ChcMezwrKpr4gcn+gx/sqnACX9yaoFi02ECbs8rCZ+aIQ=="
    },
    "hammerjs": {
      "version": "2.0.8",
      "resolved": "https://registry.npmjs.org/hammerjs/-/hammerjs-2.0.8.tgz",
      "integrity": "sha1-BO93hiz/K7edMPdpIJWTAiK/YPE=",
      "peer": true
    },
    "js-tokens": {
      "version": "4.0.0",
      "resolved": "https://registry.npmjs.org/js-tokens/-/js-tokens-4.0.0.tgz",
      "integrity": "sha512-RdJUflcE3cUzKiMqQgsCu06FPu9UdIJO0beYbPhHN4k6apgJtifcoCtT9bcxOpYBtpD2kCM6Sbzg4CausW/PKQ==",
      "peer": true
    },
    "loose-envify": {
      "version": "1.4.0",
      "resolved": "https://registry.npmjs.org/loose-envify/-/loose-envify-1.4.0.tgz",
      "integrity": "sha512-lyuxPGr/Wfhrlem2CL/UcnUc1zcqKAImBDzukY7Y5F/yQiNdko6+fRLevlw1HgMySw7f611UIY408EtxRSoK3Q==",
      "peer": true,
      "requires": {
        "js-tokens": "^3.0.0 || ^4.0.0"
      }
    },
    "object-assign": {
      "version": "4.1.1",
      "resolved": "https://registry.npmjs.org/object-assign/-/object-assign-4.1.1.tgz",
      "integrity": "sha1-IQmtx5ZYh8/AXLvUQsrIv7s2CGM=",
      "peer": true
    },
    "picasso-plugin-hammer": {
      "version": "1.0.0",
      "resolved": "https://registry.npmjs.org/picasso-plugin-hammer/-/picasso-plugin-hammer-1.0.0.tgz",
      "integrity": "sha512-vWO3YinC4WVKEAIpGlbb/xLLVDp8dfXEryuLKjYoqttKUtGZCTlqyuJ9miKfICtuKoGuqRefABTdVJFz8cxQGA==",
      "peer": true
    },
    "picasso-plugin-q": {
      "version": "1.0.0",
      "resolved": "https://registry.npmjs.org/picasso-plugin-q/-/picasso-plugin-q-1.0.0.tgz",
      "integrity": "sha512-70kv4ge7ZswAsQhdrppMIFEWN1qzq4KhF4ePTmcBzfcJPCTJIxbWqnXJgcs/8+n2OuP+hlWRI4fyRAra4IHLig==",
      "peer": true
    },
    "picasso.js": {
      "version": "1.0.0",
      "resolved": "https://registry.npmjs.org/picasso.js/-/picasso.js-1.0.0.tgz",
      "integrity": "sha512-ctz4Edch3ljgLDWAZ6DFHjDT/OR0BU4LnerPpf5kiGO1WcKK51G1+IAMr8VzZEW5r/WRx/uihZ+qlrrtckEB0A==",
      "peer": true
    },
    "react": {
      "version": "17.0.2",
      "resolved": "https://registry.npmjs.org/react/-/react-17.0.2.tgz",
      "integrity": "sha512-gnhPt75i/dq/z3/6q/0asP78D0u592D5L1pd7M8P+dck6Fu/jJeL6iVVK23fptSUZj8Vjf++7wXA8UNclGQcbA==",
      "peer": true,
      "requires": {
        "loose-envify": "^1.1.0",
        "object-assign": "^4.1.1"
      }
    },
    "react-dom": {
      "version": "17.0.2",
      "resolved": "https://registry.npmjs.org/react-dom/-/react-dom-17.0.2.tgz",
      "integrity": "sha512-s4h96KtLDUQlsENhMn1ar8t2bEa+q/YAtj8pPPdIjPDGBDIVNsrD9aXNWqspUe6AzKCIG0C1HZZLqLV7qpOBGA==",
      "peer": true,
      "requires": {
        "loose-envify": "^1.1.0",
        "object-assign": "^4.1.1",
        "scheduler": "^0.20.2"
      }
    },
    "scheduler": {
      "version": "0.20.2",
      "resolved": "https://registry.npmjs.org/scheduler/-/scheduler-0.20.2.tgz",
      "integrity": "sha512-2eWfGgAqqWFGqtdMmcL5zCMK1U8KlXv8SQFGglL3CEtd0aDVDWgeF/YoCmvln55m5zSk3J/20hTaSBeSObsQDQ==",
      "peer": true,
      "requires": {
        "loose-envify": "^1.1.0",
        "object-assign": "^4.1.1"
      }
    }
  }
}
