{
  "name": "@motor-js/nebula",
  "version": "0.2.3",
  "lockfileVersion": 2,
  "requires": true,
  "packages": {
    "": {
      "name": "@motor-js/nebula",
      "version": "0.1.7",
      "license": "MIT",
      "dependencies": {
        "@motor-js/engine": "^0.2.8",
        "@nebula.js/sn-action-button": "^1.12.0",
        "@nebula.js/sn-bar-chart": "^0.8.13",
        "@nebula.js/sn-bullet-chart": "^0.6.21",
        "@nebula.js/sn-combo-chart": "^0.19.1",
        "@nebula.js/sn-funnel-chart": "^0.3.16",
        "@nebula.js/sn-grid-chart": "^0.6.23",
        "@nebula.js/sn-kpi": "^0.5.5",
        "@nebula.js/sn-line-chart": "^0.9.12",
        "@nebula.js/sn-mekko-chart": "^1.0.4",
        "@nebula.js/sn-pie-chart": "^0.7.16",
        "@nebula.js/sn-sankey-chart": "^0.5.11",
        "@nebula.js/sn-scatter-plot": "^0.6.0",
        "@nebula.js/sn-table": "^0.2.2",
        "@nebula.js/stardust": "^1.1.1"
      },
      "peerDependencies": {
        "react": "^17.0.1",
        "react-dom": "^17.0.1"
      }
    },
    "node_modules/@motor-js/engine": {
      "version": "0.2.8",
      "license": "https://www.motor.so/license",
      "dependencies": {
        "crypto-js": "^3.3.0",
        "enigma.js": "^2.6.3",
        "prop-types": "^15.7.2",
        "react": "^17.0.1",
        "react-dom": "^17.0.1",
        "react-watermark-component": "^2.2.1"
      }
    },
    "node_modules/@nebula.js/sn-action-button": {
      "version": "1.12.0",
      "license": "MIT",
      "engines": {
        "node": ">=8"
      },
      "peerDependencies": {
        "@nebula.js/stardust": ">=1.1.1"
      }
    },
    "node_modules/@nebula.js/sn-bar-chart": {
      "version": "0.8.28",
      "license": "MIT"
    },
    "node_modules/@nebula.js/sn-bullet-chart": {
      "version": "0.6.21",
      "license": "MIT",
      "peerDependencies": {
        "@nebula.js/stardust": ">=0.6.0"
      }
    },
    "node_modules/@nebula.js/sn-combo-chart": {
      "version": "0.19.1",
      "license": "MIT",
      "peerDependencies": {
        "@nebula.js/stardust": ">=0.6.0",
        "hammerjs": "^2.0.8",
        "picasso-plugin-hammer": ">=0.35.1",
        "picasso-plugin-q": ">=0.35.1",
        "picasso.js": ">=0.35.1"
      }
    },
    "node_modules/@nebula.js/sn-funnel-chart": {
      "version": "0.3.22",
      "license": "MIT",
      "peerDependencies": {
        "@nebula.js/stardust": ">=0.6.0"
      }
    },
    "node_modules/@nebula.js/sn-grid-chart": {
      "version": "0.6.23",
      "license": "MIT",
      "peerDependencies": {
        "@nebula.js/stardust": ">=0.6.0"
      }
    },
    "node_modules/@nebula.js/sn-kpi": {
      "version": "0.5.5",
      "license": "MIT",
      "peerDependencies": {
        "@nebula.js/stardust": ">=1.0.0"
      }
    },
    "node_modules/@nebula.js/sn-line-chart": {
      "version": "0.9.26",
      "license": "MIT"
    },
    "node_modules/@nebula.js/sn-mekko-chart": {
      "version": "1.0.4",
      "license": "MIT",
      "peerDependencies": {
        "@nebula.js/stardust": "^1.x"
      }
    },
    "node_modules/@nebula.js/sn-pie-chart": {
      "version": "0.7.26",
      "license": "MIT",
      "peerDependencies": {
        "@nebula.js/stardust": ">=0.6.0"
      }
    },
    "node_modules/@nebula.js/sn-sankey-chart": {
      "version": "0.5.16",
      "license": "MIT",
      "peerDependencies": {
        "@nebula.js/stardust": ">=0.6.0"
      }
    },
    "node_modules/@nebula.js/sn-scatter-plot": {
      "version": "0.6.0",
      "license": "MIT",
      "engines": {
        "node": ">=8"
      },
      "peerDependencies": {
        "@nebula.js/stardust": ">=1.2.0"
      }
    },
    "node_modules/@nebula.js/sn-table": {
      "version": "0.2.5",
      "license": "MIT",
      "engines": {
        "node": ">=8"
      },
      "peerDependencies": {
        "@nebula.js/stardust": "^1.1"
      }
    },
    "node_modules/@nebula.js/stardust": {
      "version": "1.4.0",
      "license": "MIT"
    },
    "node_modules/crypto-js": {
      "version": "3.3.0",
      "license": "MIT"
    },
    "node_modules/enigma.js": {
      "version": "2.7.3",
      "license": "MIT"
    },
    "node_modules/hammerjs": {
      "version": "2.0.8",
      "license": "MIT",
      "peer": true,
      "engines": {
        "node": ">=0.8.0"
      }
    },
    "node_modules/js-tokens": {
      "version": "4.0.0",
      "license": "MIT"
    },
    "node_modules/loose-envify": {
      "version": "1.4.0",
      "license": "MIT",
      "dependencies": {
        "js-tokens": "^3.0.0 || ^4.0.0"
      },
      "bin": {
        "loose-envify": "cli.js"
      }
    },
    "node_modules/object-assign": {
      "version": "4.1.1",
      "license": "MIT",
      "engines": {
        "node": ">=0.10.0"
      }
    },
    "node_modules/picasso-plugin-hammer": {
      "version": "1.2.1",
      "license": "MIT",
      "peer": true
    },
    "node_modules/picasso-plugin-q": {
      "version": "1.2.1",
      "license": "MIT",
      "peer": true
    },
    "node_modules/picasso.js": {
      "version": "1.2.1",
      "license": "MIT",
      "peer": true
    },
    "node_modules/prop-types": {
      "version": "15.7.2",
      "license": "MIT",
      "dependencies": {
        "loose-envify": "^1.4.0",
        "object-assign": "^4.1.1",
        "react-is": "^16.8.1"
      }
    },
    "node_modules/react": {
      "version": "17.0.2",
      "license": "MIT",
      "dependencies": {
        "loose-envify": "^1.1.0",
        "object-assign": "^4.1.1"
      },
      "engines": {
        "node": ">=0.10.0"
      }
    },
    "node_modules/react-dom": {
      "version": "17.0.2",
      "license": "MIT",
      "dependencies": {
        "loose-envify": "^1.1.0",
        "object-assign": "^4.1.1",
        "scheduler": "^0.20.2"
      },
      "peerDependencies": {
        "react": "17.0.2"
      }
    },
    "node_modules/react-is": {
      "version": "16.13.1",
      "license": "MIT"
    },
    "node_modules/react-watermark-component": {
      "version": "2.2.1",
      "license": "MIT",
      "peerDependencies": {
        "react": "^0.14.7 || ^15.0.0 || ^16.0.0"
      }
    },
    "node_modules/scheduler": {
      "version": "0.20.2",
      "license": "MIT",
      "dependencies": {
        "loose-envify": "^1.1.0",
        "object-assign": "^4.1.1"
      }
    }
  },
  "dependencies": {
    "@motor-js/engine": {
      "version": "0.2.8",
      "requires": {
        "crypto-js": "^3.3.0",
        "enigma.js": "^2.6.3",
        "prop-types": "^15.7.2",
        "react": "^17.0.1",
        "react-dom": "^17.0.1",
        "react-watermark-component": "^2.2.1"
      }
    },
    "@nebula.js/sn-action-button": {
      "version": "1.12.0",
      "requires": {}
    },
    "@nebula.js/sn-bar-chart": {
      "version": "0.8.28"
    },
    "@nebula.js/sn-bullet-chart": {
      "version": "0.6.21",
      "requires": {}
    },
    "@nebula.js/sn-combo-chart": {
      "version": "0.19.1",
      "requires": {}
    },
    "@nebula.js/sn-funnel-chart": {
      "version": "0.3.22",
      "requires": {}
    },
    "@nebula.js/sn-grid-chart": {
      "version": "0.6.23",
      "requires": {}
    },
    "@nebula.js/sn-kpi": {
      "version": "0.5.5",
      "requires": {}
    },
    "@nebula.js/sn-line-chart": {
      "version": "0.9.26"
    },
    "@nebula.js/sn-mekko-chart": {
      "version": "1.0.4",
      "requires": {}
    },
    "@nebula.js/sn-pie-chart": {
      "version": "0.7.26",
      "requires": {}
    },
    "@nebula.js/sn-sankey-chart": {
      "version": "0.5.16",
      "requires": {}
    },
    "@nebula.js/sn-scatter-plot": {
      "version": "0.6.0",
      "requires": {}
    },
    "@nebula.js/sn-table": {
      "version": "0.2.5",
      "requires": {}
    },
    "@nebula.js/stardust": {
      "version": "1.4.0"
    },
    "crypto-js": {
      "version": "3.3.0"
    },
    "enigma.js": {
      "version": "2.7.3"
    },
    "hammerjs": {
      "version": "2.0.8",
      "peer": true
    },
    "js-tokens": {
      "version": "4.0.0"
    },
    "loose-envify": {
      "version": "1.4.0",
      "requires": {
        "js-tokens": "^3.0.0 || ^4.0.0"
      }
    },
    "object-assign": {
      "version": "4.1.1"
    },
    "picasso-plugin-hammer": {
      "version": "1.2.1",
      "peer": true
    },
    "picasso-plugin-q": {
      "version": "1.2.1",
      "peer": true
    },
    "picasso.js": {
      "version": "1.2.1",
      "peer": true
    },
    "prop-types": {
      "version": "15.7.2",
      "requires": {
        "loose-envify": "^1.4.0",
        "object-assign": "^4.1.1",
        "react-is": "^16.8.1"
      }
    },
    "react": {
      "version": "17.0.2",
      "requires": {
        "loose-envify": "^1.1.0",
        "object-assign": "^4.1.1"
      }
    },
    "react-dom": {
      "version": "17.0.2",
      "requires": {
        "loose-envify": "^1.1.0",
        "object-assign": "^4.1.1",
        "scheduler": "^0.20.2"
      }
    },
    "react-is": {
      "version": "16.13.1"
    },
    "react-watermark-component": {
      "version": "2.2.1",
      "requires": {}
    },
    "scheduler": {
      "version": "0.20.2",
      "requires": {
        "loose-envify": "^1.1.0",
        "object-assign": "^4.1.1"
      }
    }
  }
}
