{
  "name": "@motor-js/engine",
  "version": "0.1.11",
  "lockfileVersion": 2,
  "requires": true,
  "packages": {
    "": {
      "name": "@motor-js/engine",
      "version": "0.1.11",
      "license": "Apache 2.0",
      "dependencies": {
        "@motor-js/nebula": "^0.0.9",
        "crypto-js": "^3.3.0",
        "enigma.js": "^2.6.3",
        "prop-types": "^15.7.2",
        "react": "^17.0.1",
        "react-dom": "^17.0.1",
        "react-watermark-component": "^2.2.1"
      }
    },
    "node_modules/@motor-js/engine": {
      "version": "0.1.11",
      "resolved": "https://registry.npmjs.org/@motor-js/engine/-/engine-0.1.11.tgz",
      "integrity": "sha512-69xTxUZVmnMgEAFvMek+UNFrHnvbn/YZW9bvfNQPBBZcdypmZf2FVDzwuUqqiSZBRFZUd95L0HBkymspXtDhFA==",
      "dependencies": {
        "enigma.js": "^2.6.3",
        "prop-types": "^15.7.2"
      },
      "peerDependencies": {
        "react": "^17.0.1",
        "react-dom": "^17.0.1"
      }
    },
    "node_modules/@motor-js/nebula": {
      "version": "0.0.9",
      "resolved": "https://registry.npmjs.org/@motor-js/nebula/-/nebula-0.0.9.tgz",
      "integrity": "sha512-zr/2y/zyH6eYmO2f/Qs3rWkiPvn+cdz0v9QSPmEPLWVv9srD+VnA/FlhTAuR96+tnpQ0DdRRSmpgxvwWc6luOQ==",
      "dependencies": {
        "@motor-js/engine": "^0.1.11",
        "@nebula.js/sn-bar-chart": "^0.8.13",
        "@nebula.js/sn-combo-chart": "^0.19.1",
        "@nebula.js/sn-funnel-chart": "^0.3.16",
        "@nebula.js/sn-line-chart": "^0.9.12",
        "@nebula.js/sn-mekko-chart": "^1.0.4",
        "@nebula.js/sn-pie-chart": "^0.7.16",
        "@nebula.js/sn-sankey-chart": "^0.5.11",
        "@nebula.js/sn-table": "^0.2.2",
        "@nebula.js/stardust": "^1.1.1"
      },
      "peerDependencies": {
        "react": "^17.0.1",
        "react-dom": "^17.0.1"
      }
    },
    "node_modules/@nebula.js/sn-bar-chart": {
      "version": "0.8.23",
      "resolved": "https://registry.npmjs.org/@nebula.js/sn-bar-chart/-/sn-bar-chart-0.8.23.tgz",
      "integrity": "sha512-w4Ml0K1qPeKM6EspRIPhAiUwDg32fRhgd1hbTyZ7ZIhj/MVcqvPgh7TXeCNIaE4c7230mCQ/Ew9hKIoItmBmaw==",
      "peerDependencies": {
        "hammerjs": "^2.0.8",
        "picasso-plugin-hammer": ">=0.35.1",
        "picasso-plugin-q": ">=0.35.1",
        "picasso.js": ">=0.35.1"
      }
    },
    "node_modules/@nebula.js/sn-combo-chart": {
      "version": "0.19.1",
      "resolved": "https://registry.npmjs.org/@nebula.js/sn-combo-chart/-/sn-combo-chart-0.19.1.tgz",
      "integrity": "sha512-pXZ/4A184NFOA8Yev0krwjrDwDqtPEmmjtmRpR9FtbkRQurW43pjjz5hj2MEv5F5vQtMzug9d2KNd7VjHIosfQ==",
      "peerDependencies": {
        "@nebula.js/stardust": ">=0.6.0",
        "hammerjs": "^2.0.8",
        "picasso-plugin-hammer": ">=0.35.1",
        "picasso-plugin-q": ">=0.35.1",
        "picasso.js": ">=0.35.1"
      }
    },
    "node_modules/@nebula.js/sn-funnel-chart": {
      "version": "0.3.19",
      "resolved": "https://registry.npmjs.org/@nebula.js/sn-funnel-chart/-/sn-funnel-chart-0.3.19.tgz",
      "integrity": "sha512-OIY5n0vIRWEvgRLQbW9X0JvwW6xW2dHTJpWByLD6m7L3ugaMab8n2RUA+M21hsxgzDWzg3pd3+HIJiFJPNLXxg==",
      "peerDependencies": {
        "@nebula.js/stardust": ">=0.6.0",
        "picasso-plugin-q": ">=0.35.1",
        "picasso.js": ">=0.35.1"
      }
    },
    "node_modules/@nebula.js/sn-line-chart": {
      "version": "0.9.20",
      "resolved": "https://registry.npmjs.org/@nebula.js/sn-line-chart/-/sn-line-chart-0.9.20.tgz",
      "integrity": "sha512-hoerRO73bxoVEJwtUnGJFt9PRxPSpcaMlylZY524URaaT4aE73wMePVZ/G6doQh2Fv1ezIo7HF2ZZJPZ7H8nBg==",
      "peerDependencies": {
        "hammerjs": "^2.0.8",
        "picasso-plugin-hammer": ">=0.35.1",
        "picasso-plugin-q": ">=0.35.1",
        "picasso.js": ">=0.35.1"
      }
    },
    "node_modules/@nebula.js/sn-mekko-chart": {
      "version": "1.0.4",
      "resolved": "https://registry.npmjs.org/@nebula.js/sn-mekko-chart/-/sn-mekko-chart-1.0.4.tgz",
      "integrity": "sha512-68bpPo8MvbnVwTIPl2gJQp5pGOTtwFvFV4CUDKVnJR0w+62URAxsA5YiRdl16oHmocxqVZSWtZXW/neNHWYvuw==",
      "peerDependencies": {
        "@nebula.js/stardust": "^1.x"
      }
    },
    "node_modules/@nebula.js/sn-pie-chart": {
      "version": "0.7.21",
      "resolved": "https://registry.npmjs.org/@nebula.js/sn-pie-chart/-/sn-pie-chart-0.7.21.tgz",
      "integrity": "sha512-MPiRAz21UjQTNcGOzIaWgQhRPW09bIypEj+6nwloegs7p2yVbuRqUT8xqkYc1pG9MFxeD2wac+j3TeX5PX4qGA==",
      "peerDependencies": {
        "@nebula.js/stardust": ">=0.6.0",
        "hammerjs": "^2.0.8",
        "picasso-plugin-hammer": ">=0.35.1",
        "picasso-plugin-q": ">=0.35.1",
        "picasso.js": ">=0.35.1"
      }
    },
    "node_modules/@nebula.js/sn-sankey-chart": {
      "version": "0.5.14",
      "resolved": "https://registry.npmjs.org/@nebula.js/sn-sankey-chart/-/sn-sankey-chart-0.5.14.tgz",
      "integrity": "sha512-8BnCB0a/g+Ms3p+NJ5XT+FmAsyb3hLLWvpd30/Gs3etvouT4qTwVfOcxfe4hmLVR0uS6g8K6BEHzXWRykftd9w==",
      "peerDependencies": {
        "@nebula.js/stardust": ">=0.6.0",
        "picasso-plugin-q": ">=0.35.1",
        "picasso.js": ">=0.35.1"
      }
    },
    "node_modules/@nebula.js/sn-table": {
      "version": "0.2.5",
      "resolved": "https://registry.npmjs.org/@nebula.js/sn-table/-/sn-table-0.2.5.tgz",
      "integrity": "sha512-qVMK/i2hhXHCwiWxdeseakhTH0NQjCiW7T7Ai9ROm3KqAXax4FPye6h6Vq3I9TfNMETmIW3S+ZLv6KXDjlwhbA==",
      "engines": {
        "node": ">=8"
      },
      "peerDependencies": {
        "@nebula.js/stardust": "^1.1"
      }
    },
    "node_modules/@nebula.js/stardust": {
      "version": "1.2.0",
      "resolved": "https://registry.npmjs.org/@nebula.js/stardust/-/stardust-1.2.0.tgz",
      "integrity": "sha512-WWyRLmF/Jp7b8P487x+4ZQUGCYijN2uyIySRKJSK6Q9TF1MQb42rAPFXrri4t0ZbHF0voS0mJAK4EVdk/veRFg=="
    },
    "node_modules/crypto-js": {
      "version": "3.3.0",
      "resolved": "https://registry.npmjs.org/crypto-js/-/crypto-js-3.3.0.tgz",
      "integrity": "sha512-DIT51nX0dCfKltpRiXV+/TVZq+Qq2NgF4644+K7Ttnla7zEzqc+kjJyiB96BHNyUTBxyjzRcZYpUdZa+QAqi6Q=="
    },
    "node_modules/enigma.js": {
      "version": "2.7.3",
      "resolved": "https://registry.npmjs.org/enigma.js/-/enigma.js-2.7.3.tgz",
      "integrity": "sha512-Iu/mSpd3t4q7iaLlpFNXbkqv0rbCPibGtYbEHBRbC1kJHI4Pk3yEHABygU1af094gmbYKm4OCR8iKS/AsujKvA=="
    },
    "node_modules/hammerjs": {
      "version": "2.0.8",
      "resolved": "https://registry.npmjs.org/hammerjs/-/hammerjs-2.0.8.tgz",
      "integrity": "sha1-BO93hiz/K7edMPdpIJWTAiK/YPE=",
      "peer": true,
      "engines": {
        "node": ">=0.8.0"
      }
    },
    "node_modules/js-tokens": {
      "version": "4.0.0",
      "resolved": "https://registry.npmjs.org/js-tokens/-/js-tokens-4.0.0.tgz",
      "integrity": "sha512-RdJUflcE3cUzKiMqQgsCu06FPu9UdIJO0beYbPhHN4k6apgJtifcoCtT9bcxOpYBtpD2kCM6Sbzg4CausW/PKQ=="
    },
    "node_modules/loose-envify": {
      "version": "1.4.0",
      "resolved": "https://registry.npmjs.org/loose-envify/-/loose-envify-1.4.0.tgz",
      "integrity": "sha512-lyuxPGr/Wfhrlem2CL/UcnUc1zcqKAImBDzukY7Y5F/yQiNdko6+fRLevlw1HgMySw7f611UIY408EtxRSoK3Q==",
      "dependencies": {
        "js-tokens": "^3.0.0 || ^4.0.0"
      },
      "bin": {
        "loose-envify": "cli.js"
      }
    },
    "node_modules/object-assign": {
      "version": "4.1.1",
      "resolved": "https://registry.npmjs.org/object-assign/-/object-assign-4.1.1.tgz",
      "integrity": "sha1-IQmtx5ZYh8/AXLvUQsrIv7s2CGM=",
      "engines": {
        "node": ">=0.10.0"
      }
    },
    "node_modules/picasso-plugin-hammer": {
      "version": "1.2.0",
      "resolved": "https://registry.npmjs.org/picasso-plugin-hammer/-/picasso-plugin-hammer-1.2.0.tgz",
      "integrity": "sha512-8/fjo0LhYA6g3ucfcApwyxTZ5ai8av5n2Pk5JY/j6MZkMdLepIVxYfX0S8KEQoXaScKvIJz69xAPAN+nkz6rAw==",
      "peer": true
    },
    "node_modules/picasso-plugin-q": {
      "version": "1.2.0",
      "resolved": "https://registry.npmjs.org/picasso-plugin-q/-/picasso-plugin-q-1.2.0.tgz",
      "integrity": "sha512-1K05EsURNJQvY+HoV++1f7n0nUA5BGij2Lm3RbwetHAGQj0sy6Eriw++Oi6Zu/CjPodJErV7p6wirhnrl8dQbA==",
      "peer": true
    },
    "node_modules/picasso.js": {
      "version": "1.2.0",
      "resolved": "https://registry.npmjs.org/picasso.js/-/picasso.js-1.2.0.tgz",
      "integrity": "sha512-YsgVqHlOA8C6X3QQHjz9I2whjIcnVLxCklmNQHll6CgqujuAb7O3dJyVClws+ORbM2HALZKG/TVhzAjXoJwYqA==",
      "peer": true
    },
    "node_modules/prop-types": {
      "version": "15.7.2",
      "resolved": "https://registry.npmjs.org/prop-types/-/prop-types-15.7.2.tgz",
      "integrity": "sha512-8QQikdH7//R2vurIJSutZ1smHYTcLpRWEOlHnzcWHmBYrOGUysKwSsrC89BCiFj3CbrfJ/nXFdJepOVrY1GCHQ==",
      "dependencies": {
        "loose-envify": "^1.4.0",
        "object-assign": "^4.1.1",
        "react-is": "^16.8.1"
      }
    },
    "node_modules/react": {
      "version": "17.0.2",
      "resolved": "https://registry.npmjs.org/react/-/react-17.0.2.tgz",
      "integrity": "sha512-gnhPt75i/dq/z3/6q/0asP78D0u592D5L1pd7M8P+dck6Fu/jJeL6iVVK23fptSUZj8Vjf++7wXA8UNclGQcbA==",
      "dependencies": {
        "loose-envify": "^1.1.0",
        "object-assign": "^4.1.1"
      },
      "engines": {
        "node": ">=0.10.0"
      }
    },
    "node_modules/react-dom": {
      "version": "17.0.2",
      "resolved": "https://registry.npmjs.org/react-dom/-/react-dom-17.0.2.tgz",
      "integrity": "sha512-s4h96KtLDUQlsENhMn1ar8t2bEa+q/YAtj8pPPdIjPDGBDIVNsrD9aXNWqspUe6AzKCIG0C1HZZLqLV7qpOBGA==",
      "dependencies": {
        "loose-envify": "^1.1.0",
        "object-assign": "^4.1.1",
        "scheduler": "^0.20.2"
      },
      "peerDependencies": {
        "react": "17.0.2"
      }
    },
    "node_modules/react-is": {
      "version": "16.13.1",
      "resolved": "https://registry.npmjs.org/react-is/-/react-is-16.13.1.tgz",
      "integrity": "sha512-24e6ynE2H+OKt4kqsOvNd8kBpV65zoxbA4BVsEOB3ARVWQki/DHzaUoC5KuON/BiccDaCCTZBuOcfZs70kR8bQ=="
    },
    "node_modules/react-watermark-component": {
      "version": "2.2.1",
      "resolved": "https://registry.npmjs.org/react-watermark-component/-/react-watermark-component-2.2.1.tgz",
      "integrity": "sha1-6UJdTl2tMrFdmIXDz9DXPQuv640=",
      "peerDependencies": {
        "react": "^0.14.7 || ^15.0.0 || ^16.0.0"
      }
    },
    "node_modules/scheduler": {
      "version": "0.20.2",
      "resolved": "https://registry.npmjs.org/scheduler/-/scheduler-0.20.2.tgz",
      "integrity": "sha512-2eWfGgAqqWFGqtdMmcL5zCMK1U8KlXv8SQFGglL3CEtd0aDVDWgeF/YoCmvln55m5zSk3J/20hTaSBeSObsQDQ==",
      "dependencies": {
        "loose-envify": "^1.1.0",
        "object-assign": "^4.1.1"
      }
    }
  },
  "dependencies": {
    "@motor-js/engine": {
      "version": "0.1.11",
      "resolved": "https://registry.npmjs.org/@motor-js/engine/-/engine-0.1.11.tgz",
      "integrity": "sha512-69xTxUZVmnMgEAFvMek+UNFrHnvbn/YZW9bvfNQPBBZcdypmZf2FVDzwuUqqiSZBRFZUd95L0HBkymspXtDhFA==",
      "requires": {
        "enigma.js": "^2.6.3",
        "prop-types": "^15.7.2"
      }
    },
    "@motor-js/nebula": {
      "version": "0.0.9",
      "resolved": "https://registry.npmjs.org/@motor-js/nebula/-/nebula-0.0.9.tgz",
      "integrity": "sha512-zr/2y/zyH6eYmO2f/Qs3rWkiPvn+cdz0v9QSPmEPLWVv9srD+VnA/FlhTAuR96+tnpQ0DdRRSmpgxvwWc6luOQ==",
      "requires": {
        "@motor-js/engine": "^0.1.11",
        "@nebula.js/sn-bar-chart": "^0.8.13",
        "@nebula.js/sn-combo-chart": "^0.19.1",
        "@nebula.js/sn-funnel-chart": "^0.3.16",
        "@nebula.js/sn-line-chart": "^0.9.12",
        "@nebula.js/sn-mekko-chart": "^1.0.4",
        "@nebula.js/sn-pie-chart": "^0.7.16",
        "@nebula.js/sn-sankey-chart": "^0.5.11",
        "@nebula.js/sn-table": "^0.2.2",
        "@nebula.js/stardust": "^1.1.1"
      }
    },
    "@nebula.js/sn-bar-chart": {
      "version": "0.8.23",
      "resolved": "https://registry.npmjs.org/@nebula.js/sn-bar-chart/-/sn-bar-chart-0.8.23.tgz",
      "integrity": "sha512-w4Ml0K1qPeKM6EspRIPhAiUwDg32fRhgd1hbTyZ7ZIhj/MVcqvPgh7TXeCNIaE4c7230mCQ/Ew9hKIoItmBmaw==",
      "requires": {}
    },
    "@nebula.js/sn-combo-chart": {
      "version": "0.19.1",
      "resolved": "https://registry.npmjs.org/@nebula.js/sn-combo-chart/-/sn-combo-chart-0.19.1.tgz",
      "integrity": "sha512-pXZ/4A184NFOA8Yev0krwjrDwDqtPEmmjtmRpR9FtbkRQurW43pjjz5hj2MEv5F5vQtMzug9d2KNd7VjHIosfQ==",
      "requires": {}
    },
    "@nebula.js/sn-funnel-chart": {
      "version": "0.3.19",
      "resolved": "https://registry.npmjs.org/@nebula.js/sn-funnel-chart/-/sn-funnel-chart-0.3.19.tgz",
      "integrity": "sha512-OIY5n0vIRWEvgRLQbW9X0JvwW6xW2dHTJpWByLD6m7L3ugaMab8n2RUA+M21hsxgzDWzg3pd3+HIJiFJPNLXxg==",
      "requires": {}
    },
    "@nebula.js/sn-line-chart": {
      "version": "0.9.20",
      "resolved": "https://registry.npmjs.org/@nebula.js/sn-line-chart/-/sn-line-chart-0.9.20.tgz",
      "integrity": "sha512-hoerRO73bxoVEJwtUnGJFt9PRxPSpcaMlylZY524URaaT4aE73wMePVZ/G6doQh2Fv1ezIo7HF2ZZJPZ7H8nBg==",
      "requires": {}
    },
    "@nebula.js/sn-mekko-chart": {
      "version": "1.0.4",
      "resolved": "https://registry.npmjs.org/@nebula.js/sn-mekko-chart/-/sn-mekko-chart-1.0.4.tgz",
      "integrity": "sha512-68bpPo8MvbnVwTIPl2gJQp5pGOTtwFvFV4CUDKVnJR0w+62URAxsA5YiRdl16oHmocxqVZSWtZXW/neNHWYvuw==",
      "requires": {}
    },
    "@nebula.js/sn-pie-chart": {
      "version": "0.7.21",
      "resolved": "https://registry.npmjs.org/@nebula.js/sn-pie-chart/-/sn-pie-chart-0.7.21.tgz",
      "integrity": "sha512-MPiRAz21UjQTNcGOzIaWgQhRPW09bIypEj+6nwloegs7p2yVbuRqUT8xqkYc1pG9MFxeD2wac+j3TeX5PX4qGA==",
      "requires": {}
    },
    "@nebula.js/sn-sankey-chart": {
      "version": "0.5.14",
      "resolved": "https://registry.npmjs.org/@nebula.js/sn-sankey-chart/-/sn-sankey-chart-0.5.14.tgz",
      "integrity": "sha512-8BnCB0a/g+Ms3p+NJ5XT+FmAsyb3hLLWvpd30/Gs3etvouT4qTwVfOcxfe4hmLVR0uS6g8K6BEHzXWRykftd9w==",
      "requires": {}
    },
    "@nebula.js/sn-table": {
      "version": "0.2.5",
      "resolved": "https://registry.npmjs.org/@nebula.js/sn-table/-/sn-table-0.2.5.tgz",
      "integrity": "sha512-qVMK/i2hhXHCwiWxdeseakhTH0NQjCiW7T7Ai9ROm3KqAXax4FPye6h6Vq3I9TfNMETmIW3S+ZLv6KXDjlwhbA==",
      "requires": {}
    },
    "@nebula.js/stardust": {
      "version": "1.2.0",
      "resolved": "https://registry.npmjs.org/@nebula.js/stardust/-/stardust-1.2.0.tgz",
      "integrity": "sha512-WWyRLmF/Jp7b8P487x+4ZQUGCYijN2uyIySRKJSK6Q9TF1MQb42rAPFXrri4t0ZbHF0voS0mJAK4EVdk/veRFg=="
    },
    "crypto-js": {
      "version": "3.3.0",
      "resolved": "https://registry.npmjs.org/crypto-js/-/crypto-js-3.3.0.tgz",
      "integrity": "sha512-DIT51nX0dCfKltpRiXV+/TVZq+Qq2NgF4644+K7Ttnla7zEzqc+kjJyiB96BHNyUTBxyjzRcZYpUdZa+QAqi6Q=="
    },
    "enigma.js": {
      "version": "2.7.3",
      "resolved": "https://registry.npmjs.org/enigma.js/-/enigma.js-2.7.3.tgz",
      "integrity": "sha512-Iu/mSpd3t4q7iaLlpFNXbkqv0rbCPibGtYbEHBRbC1kJHI4Pk3yEHABygU1af094gmbYKm4OCR8iKS/AsujKvA=="
    },
    "hammerjs": {
      "version": "2.0.8",
      "resolved": "https://registry.npmjs.org/hammerjs/-/hammerjs-2.0.8.tgz",
      "integrity": "sha1-BO93hiz/K7edMPdpIJWTAiK/YPE=",
      "peer": true
    },
    "js-tokens": {
      "version": "4.0.0",
      "resolved": "https://registry.npmjs.org/js-tokens/-/js-tokens-4.0.0.tgz",
      "integrity": "sha512-RdJUflcE3cUzKiMqQgsCu06FPu9UdIJO0beYbPhHN4k6apgJtifcoCtT9bcxOpYBtpD2kCM6Sbzg4CausW/PKQ=="
    },
    "loose-envify": {
      "version": "1.4.0",
      "resolved": "https://registry.npmjs.org/loose-envify/-/loose-envify-1.4.0.tgz",
      "integrity": "sha512-lyuxPGr/Wfhrlem2CL/UcnUc1zcqKAImBDzukY7Y5F/yQiNdko6+fRLevlw1HgMySw7f611UIY408EtxRSoK3Q==",
      "requires": {
        "js-tokens": "^3.0.0 || ^4.0.0"
      }
    },
    "object-assign": {
      "version": "4.1.1",
      "resolved": "https://registry.npmjs.org/object-assign/-/object-assign-4.1.1.tgz",
      "integrity": "sha1-IQmtx5ZYh8/AXLvUQsrIv7s2CGM="
    },
    "picasso-plugin-hammer": {
      "version": "1.2.0",
      "resolved": "https://registry.npmjs.org/picasso-plugin-hammer/-/picasso-plugin-hammer-1.2.0.tgz",
      "integrity": "sha512-8/fjo0LhYA6g3ucfcApwyxTZ5ai8av5n2Pk5JY/j6MZkMdLepIVxYfX0S8KEQoXaScKvIJz69xAPAN+nkz6rAw==",
      "peer": true
    },
    "picasso-plugin-q": {
      "version": "1.2.0",
      "resolved": "https://registry.npmjs.org/picasso-plugin-q/-/picasso-plugin-q-1.2.0.tgz",
      "integrity": "sha512-1K05EsURNJQvY+HoV++1f7n0nUA5BGij2Lm3RbwetHAGQj0sy6Eriw++Oi6Zu/CjPodJErV7p6wirhnrl8dQbA==",
      "peer": true
    },
    "picasso.js": {
      "version": "1.2.0",
      "resolved": "https://registry.npmjs.org/picasso.js/-/picasso.js-1.2.0.tgz",
      "integrity": "sha512-YsgVqHlOA8C6X3QQHjz9I2whjIcnVLxCklmNQHll6CgqujuAb7O3dJyVClws+ORbM2HALZKG/TVhzAjXoJwYqA==",
      "peer": true
    },
    "prop-types": {
      "version": "15.7.2",
      "resolved": "https://registry.npmjs.org/prop-types/-/prop-types-15.7.2.tgz",
      "integrity": "sha512-8QQikdH7//R2vurIJSutZ1smHYTcLpRWEOlHnzcWHmBYrOGUysKwSsrC89BCiFj3CbrfJ/nXFdJepOVrY1GCHQ==",
      "requires": {
        "loose-envify": "^1.4.0",
        "object-assign": "^4.1.1",
        "react-is": "^16.8.1"
      }
    },
    "react": {
      "version": "17.0.2",
      "resolved": "https://registry.npmjs.org/react/-/react-17.0.2.tgz",
      "integrity": "sha512-gnhPt75i/dq/z3/6q/0asP78D0u592D5L1pd7M8P+dck6Fu/jJeL6iVVK23fptSUZj8Vjf++7wXA8UNclGQcbA==",
      "requires": {
        "loose-envify": "^1.1.0",
        "object-assign": "^4.1.1"
      }
    },
    "react-dom": {
      "version": "17.0.2",
      "resolved": "https://registry.npmjs.org/react-dom/-/react-dom-17.0.2.tgz",
      "integrity": "sha512-s4h96KtLDUQlsENhMn1ar8t2bEa+q/YAtj8pPPdIjPDGBDIVNsrD9aXNWqspUe6AzKCIG0C1HZZLqLV7qpOBGA==",
      "requires": {
        "loose-envify": "^1.1.0",
        "object-assign": "^4.1.1",
        "scheduler": "^0.20.2"
      }
    },
    "react-is": {
      "version": "16.13.1",
      "resolved": "https://registry.npmjs.org/react-is/-/react-is-16.13.1.tgz",
      "integrity": "sha512-24e6ynE2H+OKt4kqsOvNd8kBpV65zoxbA4BVsEOB3ARVWQki/DHzaUoC5KuON/BiccDaCCTZBuOcfZs70kR8bQ=="
    },
    "react-watermark-component": {
      "version": "2.2.1",
      "resolved": "https://registry.npmjs.org/react-watermark-component/-/react-watermark-component-2.2.1.tgz",
      "integrity": "sha1-6UJdTl2tMrFdmIXDz9DXPQuv640=",
      "requires": {}
    },
    "scheduler": {
      "version": "0.20.2",
      "resolved": "https://registry.npmjs.org/scheduler/-/scheduler-0.20.2.tgz",
      "integrity": "sha512-2eWfGgAqqWFGqtdMmcL5zCMK1U8KlXv8SQFGglL3CEtd0aDVDWgeF/YoCmvln55m5zSk3J/20hTaSBeSObsQDQ==",
      "requires": {
        "loose-envify": "^1.1.0",
        "object-assign": "^4.1.1"
      }
    }
  }
}
